
Microsoft Visual Studio Solution File, Format Version 12.00
# Visual Studio Version 17
VisualStudioVersion = 17.6.33829.357
MinimumVisualStudioVersion = 10.0.40219.1
Project("{9A19103F-16F7-4668-BE54-9A1E7A4F7556}") = "HelloWorld", "HelloWorld.csproj", "{05BEA2A6-1AFF-496E-83BB-6871FBDCB5A9}"
EndProject
Global
	GlobalSection(SolutionConfigurationPlatforms) = preSolution
		Debug|Any CPU = Debug|Any CPU
		Release|Any CPU = Release|Any CPU
	EndGlobalSection
	GlobalSection(ProjectConfigurationPlatforms) = postSolution
		{05BEA2A6-1AFF-496E-83BB-6871FBDCB5A9}.Debug|Any CPU.ActiveCfg = Debug|Any CPU
		{05BEA2A6-1AFF-496E-83BB-6871FBDCB5A9}.Debug|Any CPU.Build.0 = Debug|Any CPU
		{05BEA2A6-1AFF-496E-83BB-6871FBDCB5A9}.Release|Any CPU.ActiveCfg = Release|Any CPU
		{05BEA2A6-1AFF-496E-83BB-6871FBDCB5A9}.Release|Any CPU.Build.0 = Release|Any CPU
	EndGlobalSection
	GlobalSection(SolutionProperties) = preSolution
		HideSolutionNode = FALSE
	EndGlobalSection
	GlobalSection(ExtensibilityGlobals) = postSolution
		SolutionGuid = {2436D6F2-37F3-42D8-BF16-D5B913CD5C8C}
	EndGlobalSection
EndGlobal
